{
	"name": "ulicms",
	"requires": true,
	"lockfileVersion": 1,
	"dependencies": {
		"codemirror-minified": {
			"version": "5.43.0",
			"resolved": "https://registry.npmjs.org/codemirror-minified/-/codemirror-minified-5.43.0.tgz",
			"integrity": "sha512-PzBtbcfGKn79A26mdWP8OBblSwq1wNnoH5Jud+6Wpx+PB6iBCSGlmFVxkKqSIPi+szEg+WXQa6pFAq6zXcHKRw=="
		}
	}
}
