{
	"name": "ulicms",
	"requires": true,
	"lockfileVersion": 1,
	"dependencies": {
		"bootbox": {
			"version": "4.4.0",
			"resolved": "https://registry.npmjs.org/bootbox/-/bootbox-4.4.0.tgz",
			"integrity": "sha1-/3+Jj7h9RSflR/62QVj4hFDRoMk="
		},
		"codemirror-minified": {
			"version": "5.43.0",
			"resolved": "https://registry.npmjs.org/codemirror-minified/-/codemirror-minified-5.43.0.tgz",
			"integrity": "sha512-PzBtbcfGKn79A26mdWP8OBblSwq1wNnoH5Jud+6Wpx+PB6iBCSGlmFVxkKqSIPi+szEg+WXQa6pFAq6zXcHKRw=="
		},
		"jquery": {
			"version": "1.12.4",
			"resolved": "https://registry.npmjs.org/jquery/-/jquery-1.12.4.tgz",
			"integrity": "sha1-AeHfuikP5z3rp3zurLD5ui/sngw="
		}
	}
}
