{
    "name": "theme-2020",
    "version": "1.0.0",
    "lockfileVersion": 2,
    "requires": true,
    "packages": {
        "": {
            "name": "theme-2020",
            "version": "1.0.0",
            "license": "ISC",
            "dependencies": {
                "fullpage.js": "^4.0.15"
            }
        },
        "node_modules/fullpage.js": {
            "version": "4.0.15",
            "resolved": "https://registry.npmjs.org/fullpage.js/-/fullpage.js-4.0.15.tgz",
            "integrity": "sha512-OKyGyIY4Qlz47AmnYoJ9Kn2XzOyAufTSgkQqa+K2RENeTbmUoctFDX/Ox1LOdacsUNsYKvnty1lrKKYJNEB2Pw=="
        }
    },
    "dependencies": {
        "fullpage.js": {
            "version": "4.0.15",
            "resolved": "https://registry.npmjs.org/fullpage.js/-/fullpage.js-4.0.15.tgz",
            "integrity": "sha512-OKyGyIY4Qlz47AmnYoJ9Kn2XzOyAufTSgkQqa+K2RENeTbmUoctFDX/Ox1LOdacsUNsYKvnty1lrKKYJNEB2Pw=="
        }
    }
}
