{
    "name": "theme-2020",
    "version": "1.0.0",
    "lockfileVersion": 1,
    "requires": true,
    "dependencies": {
        "fullpage.js": {
            "version": "3.0.8",
            "resolved": "https://registry.npmjs.org/fullpage.js/-/fullpage.js-3.0.8.tgz",
            "integrity": "sha512-r4B/MNuxylgzSlY+w4klD0lYYlmzEy7doDvurupAuO1ObKBgu9EB5GPuoeJTP7t/njFlzAM/Wu/I+FL3WvudCw=="
        }
    }
}
