{
    "name": "theme-2020",
    "version": "1.0.0",
    "lockfileVersion": 1,
    "requires": true,
    "dependencies": {
        "fullpage.js": {
            "version": "3.1.2",
            "resolved": "https://registry.npmjs.org/fullpage.js/-/fullpage.js-3.1.2.tgz",
            "integrity": "sha512-hv7z6xhbg2StTp1UDq2hi+0oHjhT7cW3zCL3qCIJ3ood5pN0FRBQ2YKIOUobhsp4ATSQlr6sZ2TOcS+Ha+T7Cg=="
        }
    }
}
