{
    "name": "text_rotator",
    "version": "1.0.0",
    "lockfileVersion": 1,
    "requires": true,
    "dependencies": {
        "morphext": {
            "version": "2.4.7",
            "resolved": "https://registry.npmjs.org/morphext/-/morphext-2.4.7.tgz",
            "integrity": "sha1-4M4jsyb/yIcdWPkWGOcEJsuHZz4="
        }
    }
}
